# THIS IS AN AUTOGENERATED FILE. DO NOT EDIT THIS FILE DIRECTLY.
# yarn lockfile v1


flow-bin@^0.54.1:
  version "0.54.1"
  resolved "https://registry.yarnpkg.com/flow-bin/-/flow-bin-0.54.1.tgz#7101bcccf006dc0652714a8aef0c72078a760510"

graphql@^0.11.3:
  version "0.11.3"
  resolved "https://registry.yarnpkg.com/graphql/-/graphql-0.11.3.tgz#9934e2df28f17d397a85f83cb39d1d179bffef47"
  dependencies:
    iterall "^1.1.0"

iterall@^1.1.0:
  version "1.1.1"
  resolved "https://registry.yarnpkg.com/iterall/-/iterall-1.1.1.tgz#f7f0af11e9a04ec6426260f5019d9fcca4d50214"
